
Microsoft Visual Studio Solution File, Format Version 12.00
# Visual Studio 15
VisualStudioVersion = 15.0.28307.572
MinimumVisualStudioVersion = 10.0.40219.1
Project("{9A19103F-16F7-4668-BE54-9A1E7A4F7556}") = "ProductStorageAPI", "ProductStorageAPI\ProductStorageAPI.csproj", "{4467DDBA-1159-429B-B9A5-1736955A3141}"
EndProject
Project("{9A19103F-16F7-4668-BE54-9A1E7A4F7556}") = "Domain", "..\Domain\Domain.csproj", "{AB90F569-D0FF-4A4A-8E45-41F01365A2D4}"
EndProject
Project("{9A19103F-16F7-4668-BE54-9A1E7A4F7556}") = "Application", "Application\Application.csproj", "{7FBB10F9-7EA4-466B-8EF7-AEE2B7D19DED}"
EndProject
Project("{9A19103F-16F7-4668-BE54-9A1E7A4F7556}") = "Persistence", "Persistence\Persistence.csproj", "{D9D34F38-CF01-45F8-93D5-9112FBC1E8C3}"
EndProject
Project("{9A19103F-16F7-4668-BE54-9A1E7A4F7556}") = "ProductCatalogWatcher", "ProductCatalogWatcher\ProductCatalogWatcher.csproj", "{B124D914-734C-48DF-9DF2-077B32A8CFBB}"
EndProject
Global
	GlobalSection(SolutionConfigurationPlatforms) = preSolution
		Debug|Any CPU = Debug|Any CPU
		Release|Any CPU = Release|Any CPU
	EndGlobalSection
	GlobalSection(ProjectConfigurationPlatforms) = postSolution
		{4467DDBA-1159-429B-B9A5-1736955A3141}.Debug|Any CPU.ActiveCfg = Debug|Any CPU
		{4467DDBA-1159-429B-B9A5-1736955A3141}.Debug|Any CPU.Build.0 = Debug|Any CPU
		{4467DDBA-1159-429B-B9A5-1736955A3141}.Release|Any CPU.ActiveCfg = Release|Any CPU
		{4467DDBA-1159-429B-B9A5-1736955A3141}.Release|Any CPU.Build.0 = Release|Any CPU
		{AB90F569-D0FF-4A4A-8E45-41F01365A2D4}.Debug|Any CPU.ActiveCfg = Debug|Any CPU
		{AB90F569-D0FF-4A4A-8E45-41F01365A2D4}.Debug|Any CPU.Build.0 = Debug|Any CPU
		{AB90F569-D0FF-4A4A-8E45-41F01365A2D4}.Release|Any CPU.ActiveCfg = Release|Any CPU
		{AB90F569-D0FF-4A4A-8E45-41F01365A2D4}.Release|Any CPU.Build.0 = Release|Any CPU
		{7FBB10F9-7EA4-466B-8EF7-AEE2B7D19DED}.Debug|Any CPU.ActiveCfg = Debug|Any CPU
		{7FBB10F9-7EA4-466B-8EF7-AEE2B7D19DED}.Debug|Any CPU.Build.0 = Debug|Any CPU
		{7FBB10F9-7EA4-466B-8EF7-AEE2B7D19DED}.Release|Any CPU.ActiveCfg = Release|Any CPU
		{7FBB10F9-7EA4-466B-8EF7-AEE2B7D19DED}.Release|Any CPU.Build.0 = Release|Any CPU
		{D9D34F38-CF01-45F8-93D5-9112FBC1E8C3}.Debug|Any CPU.ActiveCfg = Debug|Any CPU
		{D9D34F38-CF01-45F8-93D5-9112FBC1E8C3}.Debug|Any CPU.Build.0 = Debug|Any CPU
		{D9D34F38-CF01-45F8-93D5-9112FBC1E8C3}.Release|Any CPU.ActiveCfg = Release|Any CPU
		{D9D34F38-CF01-45F8-93D5-9112FBC1E8C3}.Release|Any CPU.Build.0 = Release|Any CPU
		{B124D914-734C-48DF-9DF2-077B32A8CFBB}.Debug|Any CPU.ActiveCfg = Debug|Any CPU
		{B124D914-734C-48DF-9DF2-077B32A8CFBB}.Debug|Any CPU.Build.0 = Debug|Any CPU
		{B124D914-734C-48DF-9DF2-077B32A8CFBB}.Release|Any CPU.ActiveCfg = Release|Any CPU
		{B124D914-734C-48DF-9DF2-077B32A8CFBB}.Release|Any CPU.Build.0 = Release|Any CPU
	EndGlobalSection
	GlobalSection(SolutionProperties) = preSolution
		HideSolutionNode = FALSE
	EndGlobalSection
	GlobalSection(ExtensibilityGlobals) = postSolution
		SolutionGuid = {5B4907DB-A790-4111-BB10-92AF77006D7D}
	EndGlobalSection
EndGlobal
