
Microsoft Visual Studio Solution File, Format Version 12.00
# Visual Studio 15
VisualStudioVersion = 15.0.28307.572
MinimumVisualStudioVersion = 10.0.40219.1
Project("{FAE04EC0-301F-11D3-BF4B-00C04F79EFBC}") = "ProductStorageAPI", "ProductStorageAPI\ProductStorageAPI.csproj", "{4467DDBA-1159-429B-B9A5-1736955A3141}"
EndProject
Project("{FAE04EC0-301F-11D3-BF4B-00C04F79EFBC}") = "Domain", "..\Domain\Domain.csproj", "{AB90F569-D0FF-4A4A-8E45-41F01365A2D4}"
EndProject
Global
	GlobalSection(SolutionConfigurationPlatforms) = preSolution
		Debug|Any CPU = Debug|Any CPU
		Release|Any CPU = Release|Any CPU
	EndGlobalSection
	GlobalSection(ProjectConfigurationPlatforms) = postSolution
		{4467DDBA-1159-429B-B9A5-1736955A3141}.Debug|Any CPU.ActiveCfg = Debug|Any CPU
		{4467DDBA-1159-429B-B9A5-1736955A3141}.Debug|Any CPU.Build.0 = Debug|Any CPU
		{4467DDBA-1159-429B-B9A5-1736955A3141}.Release|Any CPU.ActiveCfg = Release|Any CPU
		{4467DDBA-1159-429B-B9A5-1736955A3141}.Release|Any CPU.Build.0 = Release|Any CPU
		{AB90F569-D0FF-4A4A-8E45-41F01365A2D4}.Debug|Any CPU.ActiveCfg = Debug|Any CPU
		{AB90F569-D0FF-4A4A-8E45-41F01365A2D4}.Debug|Any CPU.Build.0 = Debug|Any CPU
		{AB90F569-D0FF-4A4A-8E45-41F01365A2D4}.Release|Any CPU.ActiveCfg = Release|Any CPU
		{AB90F569-D0FF-4A4A-8E45-41F01365A2D4}.Release|Any CPU.Build.0 = Release|Any CPU
	EndGlobalSection
	GlobalSection(SolutionProperties) = preSolution
		HideSolutionNode = FALSE
	EndGlobalSection
	GlobalSection(ExtensibilityGlobals) = postSolution
		SolutionGuid = {5B4907DB-A790-4111-BB10-92AF77006D7D}
	EndGlobalSection
EndGlobal
